
Microsoft Visual Studio Solution File, Format Version 12.00
# Visual Studio 14
VisualStudioVersion = 14.0.24720.0
MinimumVisualStudioVersion = 10.0.40219.1
Project("{2150E333-8FDC-42A3-9474-1A3956D46DE8}") = "VsBackground", "VsBackground", "{35DA4390-FB8B-4BE0-98FE-B9360679B631}"
EndProject
Project("{FAE04EC0-301F-11D3-BF4B-00C04F79EFBC}") = "VsBackground", "VsBackground\VsBackground.csproj", "{55AF4D03-BC07-42FF-A9B6-62F1FAC3BB88}"
EndProject
Global
	GlobalSection(SolutionConfigurationPlatforms) = preSolution
		Debug|Any CPU = Debug|Any CPU
		Release|Any CPU = Release|Any CPU
	EndGlobalSection
	GlobalSection(ProjectConfigurationPlatforms) = postSolution
		{55AF4D03-BC07-42FF-A9B6-62F1FAC3BB88}.Debug|Any CPU.ActiveCfg = Debug|Any CPU
		{55AF4D03-BC07-42FF-A9B6-62F1FAC3BB88}.Debug|Any CPU.Build.0 = Debug|Any CPU
		{55AF4D03-BC07-42FF-A9B6-62F1FAC3BB88}.Release|Any CPU.ActiveCfg = Release|Any CPU
		{55AF4D03-BC07-42FF-A9B6-62F1FAC3BB88}.Release|Any CPU.Build.0 = Release|Any CPU
	EndGlobalSection
	GlobalSection(SolutionProperties) = preSolution
		HideSolutionNode = FALSE
	EndGlobalSection
	GlobalSection(NestedProjects) = preSolution
		{55AF4D03-BC07-42FF-A9B6-62F1FAC3BB88} = {35DA4390-FB8B-4BE0-98FE-B9360679B631}
	EndGlobalSection
EndGlobal
