
Microsoft Visual Studio Solution File, Format Version 12.00
# Visual Studio 14
VisualStudioVersion = 14.0.25420.1
MinimumVisualStudioVersion = 10.0.40219.1
Project("{2150E333-8FDC-42A3-9474-1A3956D46DE8}") = "VsBackground", "VsBackground", "{35DA4390-FB8B-4BE0-98FE-B9360679B631}"
EndProject
Project("{FAE04EC0-301F-11D3-BF4B-00C04F79EFBC}") = "VsBackground", "VsBackground\VsBackground.csproj", "{55AF4D03-BC07-42FF-A9B6-62F1FAC3BB88}"
EndProject
Project("{2150E333-8FDC-42A3-9474-1A3956D46DE8}") = "VsTranslator", "VsTranslator", "{3523F31E-AD73-48AD-990F-65CA6645A773}"
EndProject
Project("{FAE04EC0-301F-11D3-BF4B-00C04F79EFBC}") = "VsTranslator", "VsTranslator\VsTranslator.csproj", "{295C9623-6A13-4DF1-9C84-31DCE1C1EB9F}"
EndProject
Project("{2150E333-8FDC-42A3-9474-1A3956D46DE8}") = "Test", "Test", "{8FBC34BD-DD4E-4B98-B094-444181B394D0}"
EndProject
Project("{FAE04EC0-301F-11D3-BF4B-00C04F79EFBC}") = "VsTranslatorTest", "VsTranslatorTest\VsTranslatorTest.csproj", "{2A6F05CE-B83C-4D7C-854B-82E51A336E0D}"
EndProject
Project("{2150E333-8FDC-42A3-9474-1A3956D46DE8}") = "VsTools", "VsTools", "{B3222928-2F54-4A77-B8B5-8B3771171EFA}"
EndProject
Project("{2150E333-8FDC-42A3-9474-1A3956D46DE8}") = "VsComment", "VsComment", "{9A423ED8-0F9B-4609-9701-1866E398F85E}"
EndProject
Project("{FAE04EC0-301F-11D3-BF4B-00C04F79EFBC}") = "VsComment", "VsComment\VsComment.csproj", "{8DA39EBE-F2D4-4D5B-8F39-1E523212374C}"
EndProject
Project("{FAE04EC0-301F-11D3-BF4B-00C04F79EFBC}") = "VsComment.Entities", "VsComment.Entities\VsComment.Entities.csproj", "{8E56B125-EA4F-4FBE-8893-8BA69796379E}"
EndProject
Project("{2150E333-8FDC-42A3-9474-1A3956D46DE8}") = "TDD", "TDD", "{F48B6F1A-958F-4DB1-BFD3-5D1BC5C5898C}"
EndProject
Project("{FAE04EC0-301F-11D3-BF4B-00C04F79EFBC}") = "VsComment.Tests", "VsComment.Tests\VsComment.Tests.csproj", "{25BB0C7A-1DB9-4674-9700-7292B2CA6148}"
EndProject
Project("{FAE04EC0-301F-11D3-BF4B-00C04F79EFBC}") = "Translate.Core", "Translate.Core\Translate.Core.csproj", "{70DD5B86-868A-4AD1-8513-A29F7CA09C0C}"
EndProject
Project("{FAE04EC0-301F-11D3-BF4B-00C04F79EFBC}") = "Translate Client", "Translate Client\Translate Client.csproj", "{4FAA09DF-1CA4-434A-B7BC-3C503489E01F}"
EndProject
Global
	GlobalSection(SolutionConfigurationPlatforms) = preSolution
		Debug|Any CPU = Debug|Any CPU
		Release|Any CPU = Release|Any CPU
	EndGlobalSection
	GlobalSection(ProjectConfigurationPlatforms) = postSolution
		{55AF4D03-BC07-42FF-A9B6-62F1FAC3BB88}.Debug|Any CPU.ActiveCfg = Debug|Any CPU
		{55AF4D03-BC07-42FF-A9B6-62F1FAC3BB88}.Debug|Any CPU.Build.0 = Debug|Any CPU
		{55AF4D03-BC07-42FF-A9B6-62F1FAC3BB88}.Release|Any CPU.ActiveCfg = Release|Any CPU
		{55AF4D03-BC07-42FF-A9B6-62F1FAC3BB88}.Release|Any CPU.Build.0 = Release|Any CPU
		{295C9623-6A13-4DF1-9C84-31DCE1C1EB9F}.Debug|Any CPU.ActiveCfg = Debug|Any CPU
		{295C9623-6A13-4DF1-9C84-31DCE1C1EB9F}.Debug|Any CPU.Build.0 = Debug|Any CPU
		{295C9623-6A13-4DF1-9C84-31DCE1C1EB9F}.Release|Any CPU.ActiveCfg = Release|Any CPU
		{295C9623-6A13-4DF1-9C84-31DCE1C1EB9F}.Release|Any CPU.Build.0 = Release|Any CPU
		{2A6F05CE-B83C-4D7C-854B-82E51A336E0D}.Debug|Any CPU.ActiveCfg = Debug|Any CPU
		{2A6F05CE-B83C-4D7C-854B-82E51A336E0D}.Debug|Any CPU.Build.0 = Debug|Any CPU
		{2A6F05CE-B83C-4D7C-854B-82E51A336E0D}.Release|Any CPU.ActiveCfg = Release|Any CPU
		{2A6F05CE-B83C-4D7C-854B-82E51A336E0D}.Release|Any CPU.Build.0 = Release|Any CPU
		{8DA39EBE-F2D4-4D5B-8F39-1E523212374C}.Debug|Any CPU.ActiveCfg = Debug|Any CPU
		{8DA39EBE-F2D4-4D5B-8F39-1E523212374C}.Debug|Any CPU.Build.0 = Debug|Any CPU
		{8DA39EBE-F2D4-4D5B-8F39-1E523212374C}.Release|Any CPU.ActiveCfg = Release|Any CPU
		{8DA39EBE-F2D4-4D5B-8F39-1E523212374C}.Release|Any CPU.Build.0 = Release|Any CPU
		{8E56B125-EA4F-4FBE-8893-8BA69796379E}.Debug|Any CPU.ActiveCfg = Debug|Any CPU
		{8E56B125-EA4F-4FBE-8893-8BA69796379E}.Debug|Any CPU.Build.0 = Debug|Any CPU
		{8E56B125-EA4F-4FBE-8893-8BA69796379E}.Release|Any CPU.ActiveCfg = Release|Any CPU
		{8E56B125-EA4F-4FBE-8893-8BA69796379E}.Release|Any CPU.Build.0 = Release|Any CPU
		{25BB0C7A-1DB9-4674-9700-7292B2CA6148}.Debug|Any CPU.ActiveCfg = Debug|Any CPU
		{25BB0C7A-1DB9-4674-9700-7292B2CA6148}.Debug|Any CPU.Build.0 = Debug|Any CPU
		{25BB0C7A-1DB9-4674-9700-7292B2CA6148}.Release|Any CPU.ActiveCfg = Release|Any CPU
		{25BB0C7A-1DB9-4674-9700-7292B2CA6148}.Release|Any CPU.Build.0 = Release|Any CPU
		{70DD5B86-868A-4AD1-8513-A29F7CA09C0C}.Debug|Any CPU.ActiveCfg = Debug|Any CPU
		{70DD5B86-868A-4AD1-8513-A29F7CA09C0C}.Debug|Any CPU.Build.0 = Debug|Any CPU
		{70DD5B86-868A-4AD1-8513-A29F7CA09C0C}.Release|Any CPU.ActiveCfg = Release|Any CPU
		{70DD5B86-868A-4AD1-8513-A29F7CA09C0C}.Release|Any CPU.Build.0 = Release|Any CPU
		{4FAA09DF-1CA4-434A-B7BC-3C503489E01F}.Debug|Any CPU.ActiveCfg = Debug|Any CPU
		{4FAA09DF-1CA4-434A-B7BC-3C503489E01F}.Debug|Any CPU.Build.0 = Debug|Any CPU
		{4FAA09DF-1CA4-434A-B7BC-3C503489E01F}.Release|Any CPU.ActiveCfg = Release|Any CPU
		{4FAA09DF-1CA4-434A-B7BC-3C503489E01F}.Release|Any CPU.Build.0 = Release|Any CPU
	EndGlobalSection
	GlobalSection(SolutionProperties) = preSolution
		HideSolutionNode = FALSE
	EndGlobalSection
	GlobalSection(NestedProjects) = preSolution
		{55AF4D03-BC07-42FF-A9B6-62F1FAC3BB88} = {35DA4390-FB8B-4BE0-98FE-B9360679B631}
		{295C9623-6A13-4DF1-9C84-31DCE1C1EB9F} = {3523F31E-AD73-48AD-990F-65CA6645A773}
		{2A6F05CE-B83C-4D7C-854B-82E51A336E0D} = {8FBC34BD-DD4E-4B98-B094-444181B394D0}
		{8DA39EBE-F2D4-4D5B-8F39-1E523212374C} = {9A423ED8-0F9B-4609-9701-1866E398F85E}
		{8E56B125-EA4F-4FBE-8893-8BA69796379E} = {9A423ED8-0F9B-4609-9701-1866E398F85E}
		{F48B6F1A-958F-4DB1-BFD3-5D1BC5C5898C} = {9A423ED8-0F9B-4609-9701-1866E398F85E}
		{25BB0C7A-1DB9-4674-9700-7292B2CA6148} = {F48B6F1A-958F-4DB1-BFD3-5D1BC5C5898C}
		{70DD5B86-868A-4AD1-8513-A29F7CA09C0C} = {3523F31E-AD73-48AD-990F-65CA6645A773}
		{4FAA09DF-1CA4-434A-B7BC-3C503489E01F} = {3523F31E-AD73-48AD-990F-65CA6645A773}
	EndGlobalSection
EndGlobal
