
Microsoft Visual Studio Solution File, Format Version 12.00
# Visual Studio 14
VisualStudioVersion = 14.0.25420.1
MinimumVisualStudioVersion = 10.0.40219.1
Project("{FAE04EC0-301F-11D3-BF4B-00C04F79EFBC}") = "ConsoleApplication2", "ConsoleApplication2\ConsoleApplication2.csproj", "{20D9AE2F-1C0C-4984-A878-0D135691B810}"
EndProject
Project("{FAE04EC0-301F-11D3-BF4B-00C04F79EFBC}") = "ConsoleApplication3", "ConsoleApplication3\ConsoleApplication3.csproj", "{E57CEE1C-CAFB-484F-B931-EE6CA38566D7}"
EndProject
Global
	GlobalSection(SolutionConfigurationPlatforms) = preSolution
		Debug|Any CPU = Debug|Any CPU
		Release|Any CPU = Release|Any CPU
	EndGlobalSection
	GlobalSection(ProjectConfigurationPlatforms) = postSolution
		{20D9AE2F-1C0C-4984-A878-0D135691B810}.Debug|Any CPU.ActiveCfg = Debug|Any CPU
		{20D9AE2F-1C0C-4984-A878-0D135691B810}.Debug|Any CPU.Build.0 = Debug|Any CPU
		{20D9AE2F-1C0C-4984-A878-0D135691B810}.Release|Any CPU.ActiveCfg = Release|Any CPU
		{20D9AE2F-1C0C-4984-A878-0D135691B810}.Release|Any CPU.Build.0 = Release|Any CPU
		{E57CEE1C-CAFB-484F-B931-EE6CA38566D7}.Debug|Any CPU.ActiveCfg = Debug|Any CPU
		{E57CEE1C-CAFB-484F-B931-EE6CA38566D7}.Debug|Any CPU.Build.0 = Debug|Any CPU
		{E57CEE1C-CAFB-484F-B931-EE6CA38566D7}.Release|Any CPU.ActiveCfg = Release|Any CPU
		{E57CEE1C-CAFB-484F-B931-EE6CA38566D7}.Release|Any CPU.Build.0 = Release|Any CPU
	EndGlobalSection
	GlobalSection(SolutionProperties) = preSolution
		HideSolutionNode = FALSE
	EndGlobalSection
EndGlobal
