
Microsoft Visual Studio Solution File, Format Version 12.00
# Visual Studio 15
VisualStudioVersion = 15.0.27004.2008
MinimumVisualStudioVersion = 10.0.40219.1
Project("{2150E333-8FDC-42A3-9474-1A3956D46DE8}") = "VsTranslator", "VsTranslator", "{3523F31E-AD73-48AD-990F-65CA6645A773}"
EndProject
Project("{2150E333-8FDC-42A3-9474-1A3956D46DE8}") = "Test", "Test", "{8FBC34BD-DD4E-4B98-B094-444181B394D0}"
EndProject
Project("{2150E333-8FDC-42A3-9474-1A3956D46DE8}") = "Interfaces", "Interfaces", "{04850484-8315-4815-A094-DD96E6E0633F}"
EndProject
Project("{FAE04EC0-301F-11D3-BF4B-00C04F79EFBC}") = "VsTranslator", "VsTranslator\VsTranslator.csproj", "{295C9623-6A13-4DF1-9C84-31DCE1C1EB9F}"
EndProject
Project("{FAE04EC0-301F-11D3-BF4B-00C04F79EFBC}") = "VsTranslatorTest", "VsTranslatorTest\VsTranslatorTest.csproj", "{2A6F05CE-B83C-4D7C-854B-82E51A336E0D}"
EndProject
Project("{FAE04EC0-301F-11D3-BF4B-00C04F79EFBC}") = "Translate.Core", "Translate.Core\Translate.Core.csproj", "{70DD5B86-868A-4AD1-8513-A29F7CA09C0C}"
EndProject
Project("{FAE04EC0-301F-11D3-BF4B-00C04F79EFBC}") = "Translate Client", "Translate Client\Translate Client.csproj", "{4FAA09DF-1CA4-434A-B7BC-3C503489E01F}"
EndProject
Project("{FAE04EC0-301F-11D3-BF4B-00C04F79EFBC}") = "Translate.Settings", "Translate.Settings\Translate.Settings.csproj", "{37238584-099C-453F-A67D-93671FB556BC}"
EndProject
Project("{FAE04EC0-301F-11D3-BF4B-00C04F79EFBC}") = "TranslateService", "TranslateService\TranslateService.csproj", "{575E8FD9-C16D-43BD-999C-6DCC8E31E2A2}"
EndProject
Project("{FAE04EC0-301F-11D3-BF4B-00C04F79EFBC}") = "Visual Studio 2017 Translator", "Visual Studio 2017 Translator\Visual Studio 2017 Translator.csproj", "{DD23AB72-3722-4EEF-866F-534B6B3B9EE5}"
EndProject
Project("{2150E333-8FDC-42A3-9474-1A3956D46DE8}") = "README", "README", "{787E0668-720A-45DC-BC92-089FD932726B}"
	ProjectSection(SolutionItems) = preProject
		..\README.md = ..\README.md
	EndProjectSection
EndProject
Global
	GlobalSection(SolutionConfigurationPlatforms) = preSolution
		Debug|Any CPU = Debug|Any CPU
		Release|Any CPU = Release|Any CPU
	EndGlobalSection
	GlobalSection(ProjectConfigurationPlatforms) = postSolution
		{295C9623-6A13-4DF1-9C84-31DCE1C1EB9F}.Debug|Any CPU.ActiveCfg = Debug|Any CPU
		{295C9623-6A13-4DF1-9C84-31DCE1C1EB9F}.Debug|Any CPU.Build.0 = Debug|Any CPU
		{295C9623-6A13-4DF1-9C84-31DCE1C1EB9F}.Release|Any CPU.ActiveCfg = Release|Any CPU
		{295C9623-6A13-4DF1-9C84-31DCE1C1EB9F}.Release|Any CPU.Build.0 = Release|Any CPU
		{2A6F05CE-B83C-4D7C-854B-82E51A336E0D}.Debug|Any CPU.ActiveCfg = Debug|Any CPU
		{2A6F05CE-B83C-4D7C-854B-82E51A336E0D}.Debug|Any CPU.Build.0 = Debug|Any CPU
		{2A6F05CE-B83C-4D7C-854B-82E51A336E0D}.Release|Any CPU.ActiveCfg = Release|Any CPU
		{2A6F05CE-B83C-4D7C-854B-82E51A336E0D}.Release|Any CPU.Build.0 = Release|Any CPU
		{70DD5B86-868A-4AD1-8513-A29F7CA09C0C}.Debug|Any CPU.ActiveCfg = Debug|Any CPU
		{70DD5B86-868A-4AD1-8513-A29F7CA09C0C}.Debug|Any CPU.Build.0 = Debug|Any CPU
		{70DD5B86-868A-4AD1-8513-A29F7CA09C0C}.Release|Any CPU.ActiveCfg = Release|Any CPU
		{70DD5B86-868A-4AD1-8513-A29F7CA09C0C}.Release|Any CPU.Build.0 = Release|Any CPU
		{4FAA09DF-1CA4-434A-B7BC-3C503489E01F}.Debug|Any CPU.ActiveCfg = Debug|Any CPU
		{4FAA09DF-1CA4-434A-B7BC-3C503489E01F}.Debug|Any CPU.Build.0 = Debug|Any CPU
		{4FAA09DF-1CA4-434A-B7BC-3C503489E01F}.Release|Any CPU.ActiveCfg = Release|Any CPU
		{4FAA09DF-1CA4-434A-B7BC-3C503489E01F}.Release|Any CPU.Build.0 = Release|Any CPU
		{37238584-099C-453F-A67D-93671FB556BC}.Debug|Any CPU.ActiveCfg = Debug|Any CPU
		{37238584-099C-453F-A67D-93671FB556BC}.Debug|Any CPU.Build.0 = Debug|Any CPU
		{37238584-099C-453F-A67D-93671FB556BC}.Release|Any CPU.ActiveCfg = Release|Any CPU
		{37238584-099C-453F-A67D-93671FB556BC}.Release|Any CPU.Build.0 = Release|Any CPU
		{575E8FD9-C16D-43BD-999C-6DCC8E31E2A2}.Debug|Any CPU.ActiveCfg = Debug|Any CPU
		{575E8FD9-C16D-43BD-999C-6DCC8E31E2A2}.Debug|Any CPU.Build.0 = Debug|Any CPU
		{575E8FD9-C16D-43BD-999C-6DCC8E31E2A2}.Release|Any CPU.ActiveCfg = Release|Any CPU
		{575E8FD9-C16D-43BD-999C-6DCC8E31E2A2}.Release|Any CPU.Build.0 = Release|Any CPU
		{DD23AB72-3722-4EEF-866F-534B6B3B9EE5}.Debug|Any CPU.ActiveCfg = Debug|Any CPU
		{DD23AB72-3722-4EEF-866F-534B6B3B9EE5}.Debug|Any CPU.Build.0 = Debug|Any CPU
		{DD23AB72-3722-4EEF-866F-534B6B3B9EE5}.Release|Any CPU.ActiveCfg = Release|Any CPU
		{DD23AB72-3722-4EEF-866F-534B6B3B9EE5}.Release|Any CPU.Build.0 = Release|Any CPU
	EndGlobalSection
	GlobalSection(SolutionProperties) = preSolution
		HideSolutionNode = FALSE
	EndGlobalSection
	GlobalSection(NestedProjects) = preSolution
		{04850484-8315-4815-A094-DD96E6E0633F} = {3523F31E-AD73-48AD-990F-65CA6645A773}
		{295C9623-6A13-4DF1-9C84-31DCE1C1EB9F} = {3523F31E-AD73-48AD-990F-65CA6645A773}
		{2A6F05CE-B83C-4D7C-854B-82E51A336E0D} = {8FBC34BD-DD4E-4B98-B094-444181B394D0}
		{70DD5B86-868A-4AD1-8513-A29F7CA09C0C} = {3523F31E-AD73-48AD-990F-65CA6645A773}
		{4FAA09DF-1CA4-434A-B7BC-3C503489E01F} = {3523F31E-AD73-48AD-990F-65CA6645A773}
		{37238584-099C-453F-A67D-93671FB556BC} = {3523F31E-AD73-48AD-990F-65CA6645A773}
		{575E8FD9-C16D-43BD-999C-6DCC8E31E2A2} = {04850484-8315-4815-A094-DD96E6E0633F}
		{DD23AB72-3722-4EEF-866F-534B6B3B9EE5} = {3523F31E-AD73-48AD-990F-65CA6645A773}
	EndGlobalSection
	GlobalSection(ExtensibilityGlobals) = postSolution
		SolutionGuid = {0D4A272D-B8FA-4D6F-AD0B-B24FBD3CAC28}
	EndGlobalSection
EndGlobal
